
Microsoft Visual Studio Solution File, Format Version 12.00
# Visual Studio 15
VisualStudioVersion = 15.0.28010.2046
MinimumVisualStudioVersion = 10.0.40219.1
Project("{FAE04EC0-301F-11D3-BF4B-00C04F79EFBC}") = "ConsoleApp1", "ConsoleApp1\ConsoleApp1.csproj", "{704029C2-6C37-4257-A867-176FE63A92BE}"
EndProject
Project("{FAE04EC0-301F-11D3-BF4B-00C04F79EFBC}") = "UnitTestProject1", "UnitTestProject1\UnitTestProject1.csproj", "{F14964BF-8493-4A2A-AF36-11519F688EA3}"
EndProject
Global
	GlobalSection(SolutionConfigurationPlatforms) = preSolution
		Debug|Any CPU = Debug|Any CPU
		Release|Any CPU = Release|Any CPU
	EndGlobalSection
	GlobalSection(ProjectConfigurationPlatforms) = postSolution
		{704029C2-6C37-4257-A867-176FE63A92BE}.Debug|Any CPU.ActiveCfg = Debug|Any CPU
		{704029C2-6C37-4257-A867-176FE63A92BE}.Debug|Any CPU.Build.0 = Debug|Any CPU
		{704029C2-6C37-4257-A867-176FE63A92BE}.Release|Any CPU.ActiveCfg = Release|Any CPU
		{704029C2-6C37-4257-A867-176FE63A92BE}.Release|Any CPU.Build.0 = Release|Any CPU
		{F14964BF-8493-4A2A-AF36-11519F688EA3}.Debug|Any CPU.ActiveCfg = Debug|Any CPU
		{F14964BF-8493-4A2A-AF36-11519F688EA3}.Debug|Any CPU.Build.0 = Debug|Any CPU
		{F14964BF-8493-4A2A-AF36-11519F688EA3}.Release|Any CPU.ActiveCfg = Release|Any CPU
		{F14964BF-8493-4A2A-AF36-11519F688EA3}.Release|Any CPU.Build.0 = Release|Any CPU
	EndGlobalSection
	GlobalSection(SolutionProperties) = preSolution
		HideSolutionNode = FALSE
	EndGlobalSection
	GlobalSection(ExtensibilityGlobals) = postSolution
		SolutionGuid = {D268B6AA-06E9-483D-85C7-01AE4B88FF61}
	EndGlobalSection
EndGlobal
